{
  "name": "wuyan-tongxing-tencent-cloudbase",
  "version": "0.1.0-rc.1",
  "lockfileVersion": 3,
  "requires": true,
  "packages": {
    "": {
      "name": "wuyan-tongxing-tencent-cloudbase",
      "version": "0.1.0-rc.1",
      "devDependencies": {
        "@cloudbase/cli": "3.8.0",
        "adm-zip": "0.6.0"
      },
      "engines": {
        "node": ">=24.14.1 <25"
      }
    },
    "node_modules/@cloudbase/cli": {
      "version": "3.8.0",
      "resolved": "https://registry.npmjs.org/@cloudbase/cli/-/cli-3.8.0.tgz",
      "integrity": "sha512-eNqd/HLDLubffwGgkVvNXGLKwX3KIzAbXPiGJSyeA9D8KBfRj+tOee6xqKJY4DGF8ZYZtAmGXtGMv65rvhlI3w==",
      "dev": true,
      "license": "ISC",
      "bin": {
        "cloudbase": "bin/cloudbase",
        "cloudbase-mcp": "bin/cloudbase-mcp",
        "tcb": "bin/tcb"
      }
    },
    "node_modules/adm-zip": {
      "version": "0.6.0",
      "resolved": "https://registry.npmjs.org/adm-zip/-/adm-zip-0.6.0.tgz",
      "integrity": "sha512-XleryMhbuksdKtofnWZ9Sk+4CUTbms4Mb/EU32SZwToAyZ5RgVos/ki8n+yr0LWHOGKuakbXTuuYNHLQjhddgg==",
      "dev": true,
      "license": "MIT",
      "engines": {
        "node": ">=14.0"
      }
    }
  }
}
