{
  "name": "wuyan-tongxing-tencent-cloudbase",
  "version": "0.1.0-rc.1",
  "lockfileVersion": 3,
  "requires": true,
  "packages": {
    "": {
      "name": "wuyan-tongxing-tencent-cloudbase",
      "version": "0.1.0-rc.1",
      "devDependencies": {
        "@cloudbase/cli": "3.8.4",
        "adm-zip": "0.6.1"
      },
      "engines": {
        "node": ">=24.14.1 <25"
      }
    },
    "node_modules/@cloudbase/cli": {
      "version": "3.8.4",
      "resolved": "https://registry.npmjs.org/@cloudbase/cli/-/cli-3.8.4.tgz",
      "integrity": "sha512-AS5L8KW7QAf+APYfBKaZ1rBuG+qIGWIlwPIU9dNpRJHQrfwpM2OfdRh159Xf38pOmS/rZ72YE6cGuSLgPGq/7Q==",
      "dev": true,
      "license": "ISC",
      "bin": {
        "cloudbase": "bin/cloudbase",
        "cloudbase-mcp": "bin/cloudbase-mcp",
        "tcb": "bin/tcb"
      }
    },
    "node_modules/adm-zip": {
      "version": "0.6.1",
      "resolved": "https://registry.npmjs.org/adm-zip/-/adm-zip-0.6.1.tgz",
      "integrity": "sha512-Xwrja8nx9e5o2N1my4DsKCeKpdrnACyr1wtbPxBDgGzKzKyE9kRtBFA8mWldI+RVlD7CBZNWY/wQ2+ydwOR6kQ==",
      "dev": true,
      "license": "MIT",
      "engines": {
        "node": ">=14.0"
      }
    }
  }
}
